
Microsoft Visual Studio Solution File, Format Version 12.00
# Visual Studio Version 17
VisualStudioVersion = 17.4.33205.214
MinimumVisualStudioVersion = 10.0.40219.1
Project("{FAE04EC0-301F-11D3-BF4B-00C04F79EFBC}") = "Topic1_Encapsolution", "Topic1_Encapsolution\Topic1_Encapsolution.csproj", "{0DE0FB34-A51F-4533-A944-CC6E908010F5}"
EndProject
Global
	GlobalSection(SolutionConfigurationPlatforms) = preSolution
		Debug|Any CPU = Debug|Any CPU
		Release|Any CPU = Release|Any CPU
	EndGlobalSection
	GlobalSection(ProjectConfigurationPlatforms) = postSolution
		{0DE0FB34-A51F-4533-A944-CC6E908010F5}.Debug|Any CPU.ActiveCfg = Debug|Any CPU
		{0DE0FB34-A51F-4533-A944-CC6E908010F5}.Debug|Any CPU.Build.0 = Debug|Any CPU
		{0DE0FB34-A51F-4533-A944-CC6E908010F5}.Release|Any CPU.ActiveCfg = Release|Any CPU
		{0DE0FB34-A51F-4533-A944-CC6E908010F5}.Release|Any CPU.Build.0 = Release|Any CPU
	EndGlobalSection
	GlobalSection(SolutionProperties) = preSolution
		HideSolutionNode = FALSE
	EndGlobalSection
	GlobalSection(ExtensibilityGlobals) = postSolution
		SolutionGuid = {A0DAAC99-7543-4E65-91AC-895282866345}
	EndGlobalSection
EndGlobal
